// !$*UTF8*$!
{
	archiveVersion = 1;
	classes = {
	};
	objectVersion = 50;
	objects = {

/* Begin PBXBuildFile section */
		DAF3E7E123F50F4B00F42B21 /* AppDelegate.swift in Sources */ = {isa = PBXBuildFile; fileRef = DAF3E7E023F50F4B00F42B21 /* AppDelegate.swift */; };
		DAF3E7E323F50F4B00F42B21 /* SceneDelegate.swift in Sources */ = {isa = PBXBuildFile; fileRef = DAF3E7E223F50F4B00F42B21 /* SceneDelegate.swift */; };
		DAF3E7E523F50F4B00F42B21 /* ViewController.swift in Sources */ = {isa = PBXBuildFile; fileRef = DAF3E7E423F50F4B00F42B21 /* ViewController.swift */; };
		DAF3E7E823F50F4B00F42B21 /* Main.storyboard in Resources */ = {isa = PBXBuildFile; fileRef = DAF3E7E623F50F4B00F42B21 /* Main.storyboard */; };
		DAF3E7EA23F50F4E00F42B21 /* Assets.xcassets in Resources */ = {isa = PBXBuildFile; fileRef = DAF3E7E923F50F4E00F42B21 /* Assets.xcassets */; };
		DAF3E7ED23F50F4E00F42B21 /* LaunchScreen.storyboard in Resources */ = {isa = PBXBuildFile; fileRef = DAF3E7EB23F50F4E00F42B21 /* LaunchScreen.storyboard */; };
/* End PBXBuildFile section */

/* Begin PBXFileReference section */
		DAF3E7DD23F50F4B00F42B21 /* YandexFeed.app */ = {isa = PBXFileReference; explicitFileType = wrapper.application; includeInIndex = 0; path = YandexFeed.app; sourceTree = BUILT_PRODUCTS_DIR; };
		DAF3E7E023F50F4B00F42B21 /* AppDelegate.swift */ = {isa = PBXFileReference; lastKnownFileType = sourcecode.swift; path = AppDelegate.swift; sourceTree = "<group>"; };
		DAF3E7E223F50F4B00F42B21 /* SceneDelegate.swift */ = {isa = PBXFileReference; lastKnownFileType = sourcecode.swift; path = SceneDelegate.swift; sourceTree = "<group>"; };
		DAF3E7E423F50F4B00F42B21 /* ViewController.swift */ = {isa = PBXFileReference; lastKnownFileType = sourcecode.swift; path = ViewController.swift; sourceTree = "<group>"; };
		DAF3E7E723F50F4B00F42B21 /* Base */ = {isa = PBXFileReference; lastKnownFileType = file.storyboard; name = Base; path = Base.lproj/Main.storyboard; sourceTree = "<group>"; };
		DAF3E7E923F50F4E00F42B21 /* Assets.xcassets */ = {isa = PBXFileReference; lastKnownFileType = folder.assetcatalog; path = Assets.xcassets; sourceTree = "<group>"; };
		DAF3E7EC23F50F4E00F42B21 /* Base */ = {isa = PBXFileReference; lastKnownFileType = file.storyboard; name = Base; path = Base.lproj/LaunchScreen.storyboard; sourceTree = "<group>"; };
		DAF3E7EE23F50F4E00F42B21 /* Info.plist */ = {isa = PBXFileReference; lastKnownFileType = text.plist.xml; path = Info.plist; sourceTree = "<group>"; };
/* End PBXFileReference section */

/* Begin PBXFrameworksBuildPhase section */
		DAF3E7DA23F50F4B00F42B21 /* Frameworks */ = {
			isa = PBXFrameworksBuildPhase;
			buildActionMask = 2147483647;
			files = (
			);
			runOnlyForDeploymentPostprocessing = 0;
		};
/* End PBXFrameworksBuildPhase section */

/* Begin PBXGroup section */
		DAF3E7D423F50F4B00F42B21 = {
			isa = PBXGroup;
			children = (
				DAF3E7DF23F50F4B00F42B21 /* YandexFeed */,
				DAF3E7DE23F50F4B00F42B21 /* Products */,
			);
			sourceTree = "<group>";
		};
		DAF3E7DE23F50F4B00F42B21 /* Products */ = {
			isa = PBXGroup;
			children = (
				DAF3E7DD23F50F4B00F42B21 /* YandexFeed.app */,
			);
			name = Products;
			sourceTree = "<group>";
		};
		DAF3E7DF23F50F4B00F42B21 /* YandexFeed */ = {
			isa = PBXGroup;
			children = (
				DAF3E7E023F50F4B00F42B21 /* AppDelegate.swift */,
				DAF3E7E223F50F4B00F42B21 /* SceneDelegate.swift */,
				DAF3E7E423F50F4B00F42B21 /* ViewController.swift */,
				DAF3E7E623F50F4B00F42B21 /* Main.storyboard */,
				DAF3E7E923F50F4E00F42B21 /* Assets.xcassets */,
				DAF3E7EB23F50F4E00F42B21 /* LaunchScreen.storyboard */,
				DAF3E7EE23F50F4E00F42B21 /* Info.plist */,
			);
			path = YandexFeed;
			sourceTree = "<group>";
		};
/* End PBXGroup section */

/* Begin PBXNativeTarget section */
		DAF3E7DC23F50F4B00F42B21 /* YandexFeed */ = {
			isa = PBXNativeTarget;
			buildConfigurationList = DAF3E7F123F50F4E00F42B21 /* Build configuration list for PBXNativeTarget "YandexFeed" */;
			buildPhases = (
				DAF3E7D923F50F4B00F42B21 /* Sources */,
				DAF3E7DA23F50F4B00F42B21 /* Frameworks */,
				DAF3E7DB23F50F4B00F42B21 /* Resources */,
			);
			buildRules = (
			);
			dependencies = (
			);
			name = YandexFeed;
			productName = YandexFeed;
			productReference = DAF3E7DD23F50F4B00F42B21 /* YandexFeed.app */;
			productType = "com.apple.product-type.application";
		};
/* End PBXNativeTarget section */

/* Begin PBXProject section */
		DAF3E7D523F50F4B00F42B21 /* Project object */ = {
			isa = PBXProject;
			attributes = {
				LastSwiftUpdateCheck = 1130;
				LastUpgradeCheck = 1130;
				ORGANIZATIONNAME = Evgeniy;
				TargetAttributes = {
					DAF3E7DC23F50F4B00F42B21 = {
						CreatedOnToolsVersion = 11.3;
					};
				};
			};
			buildConfigurationList = DAF3E7D823F50F4B00F42B21 /* Build configuration list for PBXProject "YandexFeed" */;
			compatibilityVersion = "Xcode 9.3";
			developmentRegion = en;
			hasScannedForEncodings = 0;
			knownRegions = (
				en,
				Base,
			);
			mainGroup = DAF3E7D423F50F4B00F42B21;
			productRefGroup = DAF3E7DE23F50F4B00F42B21 /* Products */;
			projectDirPath = "";
			projectRoot = "";
			targets = (
				DAF3E7DC23F50F4B00F42B21 /* YandexFeed */,
			);
		};
/* End PBXProject section */

/* Begin PBXResourcesBuildPhase section */
		DAF3E7DB23F50F4B00F42B21 /* Resources */ = {
			isa = PBXResourcesBuildPhase;
			buildActionMask = 2147483647;
			files = (
				DAF3E7ED23F50F4E00F42B21 /* LaunchScreen.storyboard in Resources */,
				DAF3E7EA23F50F4E00F42B21 /* Assets.xcassets in Resources */,
				DAF3E7E823F50F4B00F42B21 /* Main.storyboard in Resources */,
			);
			runOnlyForDeploymentPostprocessing = 0;
		};
/* End PBXResourcesBuildPhase section */

/* Begin PBXSourcesBuildPhase section */
		DAF3E7D923F50F4B00F42B21 /* Sources */ = {
			isa = PBXSourcesBuildPhase;
			buildActionMask = 2147483647;
			files = (
				DAF3E7E523F50F4B00F42B21 /* ViewController.swift in Sources */,
				DAF3E7E123F50F4B00F42B21 /* AppDelegate.swift in Sources */,
				DAF3E7E323F50F4B00F42B21 /* SceneDelegate.swift in Sources */,
			);
			runOnlyForDeploymentPostprocessing = 0;
		};
/* End PBXSourcesBuildPhase section */

/* Begin PBXVariantGroup section */
		DAF3E7E623F50F4B00F42B21 /* Main.storyboard */ = {
			isa = PBXVariantGroup;
			children = (
				DAF3E7E723F50F4B00F42B21 /* Base */,
			);
			name = Main.storyboard;
			sourceTree = "<group>";
		};
		DAF3E7EB23F50F4E00F42B21 /* LaunchScreen.storyboard */ = {
			isa = PBXVariantGroup;
			children = (
				DAF3E7EC23F50F4E00F42B21 /* Base */,
			);
			name = LaunchScreen.storyboard;
			sourceTree = "<group>";
		};
/* End PBXVariantGroup section */

/* Begin XCBuildConfiguration section */
		DAF3E7EF23F50F4E00F42B21 /* Debug */ = {
			isa = XCBuildConfiguration;
			buildSettings = {
				ALWAYS_SEARCH_USER_PATHS = NO;
				CLANG_ANALYZER_NONNULL = YES;
				CLANG_ANALYZER_NUMBER_OBJECT_CONVERSION = YES_AGGRESSIVE;
				CLANG_CXX_LANGUAGE_STANDARD = "gnu++14";
				CLANG_CXX_LIBRARY = "libc++";
				CLANG_ENABLE_MODULES = YES;
				CLANG_ENABLE_OBJC_ARC = YES;
				CLANG_ENABLE_OBJC_WEAK = YES;
				CLANG_WARN_BLOCK_CAPTURE_AUTORELEASING = YES;
				CLANG_WARN_BOOL_CONVERSION = YES;
				CLANG_WARN_COMMA = YES;
				CLANG_WARN_CONSTANT_CONVERSION = YES;
				CLANG_WARN_DEPRECATED_OBJC_IMPLEMENTATIONS = YES;
				CLANG_WARN_DIRECT_OBJC_ISA_USAGE = YES_ERROR;
				CLANG_WARN_DOCUMENTATION_COMMENTS = YES;
				CLANG_WARN_EMPTY_BODY = YES;
				CLANG_WARN_ENUM_CONVERSION = YES;
				CLANG_WARN_INFINITE_RECURSION = YES;
				CLANG_WARN_INT_CONVERSION = YES;
				CLANG_WARN_NON_LITERAL_NULL_CONVERSION = YES;
				CLANG_WARN_OBJC_IMPLICIT_RETAIN_SELF = YES;
				CLANG_WARN_OBJC_LITERAL_CONVERSION = YES;
				CLANG_WARN_OBJC_ROOT_CLASS = YES_ERROR;
				CLANG_WARN_RANGE_LOOP_ANALYSIS = YES;
				CLANG_WARN_STRICT_PROTOTYPES = YES;
				CLANG_WARN_SUSPICIOUS_MOVE = YES;
				CLANG_WARN_UNGUARDED_AVAILABILITY = YES_AGGRESSIVE;
				CLANG_WARN_UNREACHABLE_CODE = YES;
				CLANG_WARN__DUPLICATE_METHOD_MATCH = YES;
				COPY_PHASE_STRIP = NO;
				DEBUG_INFORMATION_FORMAT = dwarf;
				ENABLE_STRICT_OBJC_MSGSEND = YES;
				ENABLE_TESTABILITY = YES;
				GCC_C_LANGUAGE_STANDARD = gnu11;
				GCC_DYNAMIC_NO_PIC = NO;
				GCC_NO_COMMON_BLOCKS = YES;
				GCC_OPTIMIZATION_LEVEL = 0;
				GCC_PREPROCESSOR_DEFINITIONS = (
					"DEBUG=1",
					"$(inherited)",
				);
				GCC_WARN_64_TO_32_BIT_CONVERSION = YES;
				GCC_WARN_ABOUT_RETURN_TYPE = YES_ERROR;
				GCC_WARN_UNDECLARED_SELECTOR = YES;
				GCC_WARN_UNINITIALIZED_AUTOS = YES_AGGRESSIVE;
				GCC_WARN_UNUSED_FUNCTION = YES;
				GCC_WARN_UNUSED_VARIABLE = YES;
				IPHONEOS_DEPLOYMENT_TARGET = 13.2;
				MTL_ENABLE_DEBUG_INFO = INCLUDE_SOURCE;
				MTL_FAST_MATH = YES;
				ONLY_ACTIVE_ARCH = YES;
				SDKROOT = iphoneos;
				SWIFT_ACTIVE_COMPILATION_CONDITIONS = DEBUG;
				SWIFT_OPTIMIZATION_LEVEL = "-Onone";
			};
			name = Debug;
		};
		DAF3E7F023F50F4E00F42B21 /* Release */ = {
			isa = XCBuildConfiguration;
			buildSettings = {
				ALWAYS_SEARCH_USER_PATHS = NO;
				CLANG_ANALYZER_NONNULL = YES;
				CLANG_ANALYZER_NUMBER_OBJECT_CONVERSION = YES_AGGRESSIVE;
				CLANG_CXX_LANGUAGE_STANDARD = "gnu++14";
				CLANG_CXX_LIBRARY = "libc++";
				CLANG_ENABLE_MODULES = YES;
				CLANG_ENABLE_OBJC_ARC = YES;
				CLANG_ENABLE_OBJC_WEAK = YES;
				CLANG_WARN_BLOCK_CAPTURE_AUTORELEASING = YES;
				CLANG_WARN_BOOL_CONVERSION = YES;
				CLANG_WARN_COMMA = YES;
				CLANG_WARN_CONSTANT_CONVERSION = YES;
				CLANG_WARN_DEPRECATED_OBJC_IMPLEMENTATIONS = YES;
				CLANG_WARN_DIRECT_OBJC_ISA_USAGE = YES_ERROR;
				CLANG_WARN_DOCUMENTATION_COMMENTS = YES;
				CLANG_WARN_EMPTY_BODY = YES;
				CLANG_WARN_ENUM_CONVERSION = YES;
				CLANG_WARN_INFINITE_RECURSION = YES;
				CLANG_WARN_INT_CONVERSION = YES;
				CLANG_WARN_NON_LITERAL_NULL_CONVERSION = YES;
				CLANG_WARN_OBJC_IMPLICIT_RETAIN_SELF = YES;
				CLANG_WARN_OBJC_LITERAL_CONVERSION = YES;
				CLANG_WARN_OBJC_ROOT_CLASS = YES_ERROR;
				CLANG_WARN_RANGE_LOOP_ANALYSIS = YES;
				CLANG_WARN_STRICT_PROTOTYPES = YES;
				CLANG_WARN_SUSPICIOUS_MOVE = YES;
				CLANG_WARN_UNGUARDED_AVAILABILITY = YES_AGGRESSIVE;
				CLANG_WARN_UNREACHABLE_CODE = YES;
				CLANG_WARN__DUPLICATE_METHOD_MATCH = YES;
				COPY_PHASE_STRIP = NO;
				DEBUG_INFORMATION_FORMAT = "dwarf-with-dsym";
				ENABLE_NS_ASSERTIONS = NO;
				ENABLE_STRICT_OBJC_MSGSEND = YES;
				GCC_C_LANGUAGE_STANDARD = gnu11;
				GCC_NO_COMMON_BLOCKS = YES;
				GCC_WARN_64_TO_32_BIT_CONVERSION = YES;
				GCC_WARN_ABOUT_RETURN_TYPE = YES_ERROR;
				GCC_WARN_UNDECLARED_SELECTOR = YES;
				GCC_WARN_UNINITIALIZED_AUTOS = YES_AGGRESSIVE;
				GCC_WARN_UNUSED_FUNCTION = YES;
				GCC_WARN_UNUSED_VARIABLE = YES;
				IPHONEOS_DEPLOYMENT_TARGET = 13.2;
				MTL_ENABLE_DEBUG_INFO = NO;
				MTL_FAST_MATH = YES;
				SDKROOT = iphoneos;
				SWIFT_COMPILATION_MODE = wholemodule;
				SWIFT_OPTIMIZATION_LEVEL = "-O";
				VALIDATE_PRODUCT = YES;
			};
			name = Release;
		};
		DAF3E7F223F50F4E00F42B21 /* Debug */ = {
			isa = XCBuildConfiguration;
			buildSettings = {
				ASSETCATALOG_COMPILER_APPICON_NAME = AppIcon;
				CODE_SIGN_STYLE = Automatic;
				DEVELOPMENT_TEAM = QF45TRFY3M;
				INFOPLIST_FILE = YandexFeed/Info.plist;
				LD_RUNPATH_SEARCH_PATHS = (
					"$(inherited)",
					"@executable_path/Frameworks",
				);
				PRODUCT_BUNDLE_IDENTIFIER = Urban.YandexFeed;
				PRODUCT_NAME = "$(TARGET_NAME)";
				SWIFT_VERSION = 5.0;
				TARGETED_DEVICE_FAMILY = "1,2";
			};
			name = Debug;
		};
		DAF3E7F323F50F4E00F42B21 /* Release */ = {
			isa = XCBuildConfiguration;
			buildSettings = {
				ASSETCATALOG_COMPILER_APPICON_NAME = AppIcon;
				CODE_SIGN_STYLE = Automatic;
				DEVELOPMENT_TEAM = QF45TRFY3M;
				INFOPLIST_FILE = YandexFeed/Info.plist;
				LD_RUNPATH_SEARCH_PATHS = (
					"$(inherited)",
					"@executable_path/Frameworks",
				);
				PRODUCT_BUNDLE_IDENTIFIER = Urban.YandexFeed;
				PRODUCT_NAME = "$(TARGET_NAME)";
				SWIFT_VERSION = 5.0;
				TARGETED_DEVICE_FAMILY = "1,2";
			};
			name = Release;
		};
/* End XCBuildConfiguration section */

/* Begin XCConfigurationList section */
		DAF3E7D823F50F4B00F42B21 /* Build configuration list for PBXProject "YandexFeed" */ = {
			isa = XCConfigurationList;
			buildConfigurations = (
				DAF3E7EF23F50F4E00F42B21 /* Debug */,
				DAF3E7F023F50F4E00F42B21 /* Release */,
			);
			defaultConfigurationIsVisible = 0;
			defaultConfigurationName = Release;
		};
		DAF3E7F123F50F4E00F42B21 /* Build configuration list for PBXNativeTarget "YandexFeed" */ = {
			isa = XCConfigurationList;
			buildConfigurations = (
				DAF3E7F223F50F4E00F42B21 /* Debug */,
				DAF3E7F323F50F4E00F42B21 /* Release */,
			);
			defaultConfigurationIsVisible = 0;
			defaultConfigurationName = Release;
		};
/* End XCConfigurationList section */
	};
	rootObject = DAF3E7D523F50F4B00F42B21 /* Project object */;
}
